
Microsoft Visual Studio Solution File, Format Version 12.00
# Visual Studio Version 16
VisualStudioVersion = 16.0.30503.244
MinimumVisualStudioVersion = 10.0.40219.1
Project("{FAE04EC0-301F-11D3-BF4B-00C04F79EFBC}") = "BunifuUI Test", "BunifuUI Test\BunifuUI Test.csproj", "{359A55CF-D749-48E0-B8DD-011D73360005}"
EndProject
Global
	GlobalSection(SolutionConfigurationPlatforms) = preSolution
		Debug|Any CPU = Debug|Any CPU
		Release|Any CPU = Release|Any CPU
	EndGlobalSection
	GlobalSection(ProjectConfigurationPlatforms) = postSolution
		{359A55CF-D749-48E0-B8DD-011D73360005}.Debug|Any CPU.ActiveCfg = Debug|Any CPU
		{359A55CF-D749-48E0-B8DD-011D73360005}.Debug|Any CPU.Build.0 = Debug|Any CPU
		{359A55CF-D749-48E0-B8DD-011D73360005}.Release|Any CPU.ActiveCfg = Release|Any CPU
		{359A55CF-D749-48E0-B8DD-011D73360005}.Release|Any CPU.Build.0 = Release|Any CPU
	EndGlobalSection
	GlobalSection(SolutionProperties) = preSolution
		HideSolutionNode = FALSE
	EndGlobalSection
	GlobalSection(ExtensibilityGlobals) = postSolution
		SolutionGuid = {FBA9ACBA-4498-4401-A333-F464B0970E8D}
	EndGlobalSection
EndGlobal
